
Microsoft Visual Studio Solution File, Format Version 12.00
# Visual Studio Version 17
VisualStudioVersion = 17.14.37516.0 d17.14
MinimumVisualStudioVersion = 10.0.40219.1
Project("{FAE04EC0-301F-11D3-BF4B-00C04F79EFBC}") = "StoreApi", "StoreApi\StoreApi.csproj", "{EE296FFE-8FA8-4BCB-87F2-C7808A259921}"
EndProject
Global
	GlobalSection(SolutionConfigurationPlatforms) = preSolution
		Debug|Any CPU = Debug|Any CPU
		Release|Any CPU = Release|Any CPU
	EndGlobalSection
	GlobalSection(ProjectConfigurationPlatforms) = postSolution
		{EE296FFE-8FA8-4BCB-87F2-C7808A259921}.Debug|Any CPU.ActiveCfg = Debug|Any CPU
		{EE296FFE-8FA8-4BCB-87F2-C7808A259921}.Debug|Any CPU.Build.0 = Debug|Any CPU
		{EE296FFE-8FA8-4BCB-87F2-C7808A259921}.Release|Any CPU.ActiveCfg = Release|Any CPU
		{EE296FFE-8FA8-4BCB-87F2-C7808A259921}.Release|Any CPU.Build.0 = Release|Any CPU
	EndGlobalSection
	GlobalSection(SolutionProperties) = preSolution
		HideSolutionNode = FALSE
	EndGlobalSection
	GlobalSection(ExtensibilityGlobals) = postSolution
		SolutionGuid = {4A8C8865-C1F5-4240-9184-E068902348B7}
	EndGlobalSection
EndGlobal
